
Microsoft Visual Studio Solution File, Format Version 12.00
# Visual Studio Version 17
VisualStudioVersion = 17.4.33213.308
MinimumVisualStudioVersion = 10.0.40219.1
Project("{FAE04EC0-301F-11D3-BF4B-00C04F79EFBC}") = "PurchaseManagement", "PurchaseManagement\PurchaseManagement.csproj", "{4EBABBF7-EFC7-4F83-8144-F053C47C0BA4}"
EndProject
Global
	GlobalSection(SolutionConfigurationPlatforms) = preSolution
		Debug|Any CPU = Debug|Any CPU
		Release|Any CPU = Release|Any CPU
	EndGlobalSection
	GlobalSection(ProjectConfigurationPlatforms) = postSolution
		{4EBABBF7-EFC7-4F83-8144-F053C47C0BA4}.Debug|Any CPU.ActiveCfg = Debug|Any CPU
		{4EBABBF7-EFC7-4F83-8144-F053C47C0BA4}.Debug|Any CPU.Build.0 = Debug|Any CPU
		{4EBABBF7-EFC7-4F83-8144-F053C47C0BA4}.Release|Any CPU.ActiveCfg = Release|Any CPU
		{4EBABBF7-EFC7-4F83-8144-F053C47C0BA4}.Release|Any CPU.Build.0 = Release|Any CPU
	EndGlobalSection
	GlobalSection(SolutionProperties) = preSolution
		HideSolutionNode = FALSE
	EndGlobalSection
	GlobalSection(ExtensibilityGlobals) = postSolution
		SolutionGuid = {CEFB521E-637A-4B4B-9CF0-2204D9DB2788}
	EndGlobalSection
EndGlobal
